
Microsoft Visual Studio Solution File, Format Version 12.00
# Visual Studio Version 17
VisualStudioVersion = 17.6.33829.357
MinimumVisualStudioVersion = 10.0.40219.1
Project("{FAE04EC0-301F-11D3-BF4B-00C04F79EFBC}") = "AkelonTestTask", "AkelonTestTask\AkelonTestTask.csproj", "{2F1040E6-3EDA-4CEA-ACE5-B6C955615A22}"
EndProject
Global
	GlobalSection(SolutionConfigurationPlatforms) = preSolution
		Debug|Any CPU = Debug|Any CPU
		Release|Any CPU = Release|Any CPU
	EndGlobalSection
	GlobalSection(ProjectConfigurationPlatforms) = postSolution
		{2F1040E6-3EDA-4CEA-ACE5-B6C955615A22}.Debug|Any CPU.ActiveCfg = Debug|Any CPU
		{2F1040E6-3EDA-4CEA-ACE5-B6C955615A22}.Debug|Any CPU.Build.0 = Debug|Any CPU
		{2F1040E6-3EDA-4CEA-ACE5-B6C955615A22}.Release|Any CPU.ActiveCfg = Release|Any CPU
		{2F1040E6-3EDA-4CEA-ACE5-B6C955615A22}.Release|Any CPU.Build.0 = Release|Any CPU
	EndGlobalSection
	GlobalSection(SolutionProperties) = preSolution
		HideSolutionNode = FALSE
	EndGlobalSection
	GlobalSection(ExtensibilityGlobals) = postSolution
		SolutionGuid = {55C1E44A-0358-42C0-AAC2-5AB1E2F26FC4}
	EndGlobalSection
EndGlobal
